
Microsoft Visual Studio Solution File, Format Version 12.00
# Visual Studio Version 17
VisualStudioVersion = 17.10.34928.147
MinimumVisualStudioVersion = 10.0.40219.1
Project("{FAE04EC0-301F-11D3-BF4B-00C04F79EFBC}") = "lie", "lie.csproj", "{303596B4-3FB0-4BB1-8385-7B3C22A3A235}"
EndProject
Global
	GlobalSection(SolutionConfigurationPlatforms) = preSolution
		Debug|Any CPU = Debug|Any CPU
		Release|Any CPU = Release|Any CPU
	EndGlobalSection
	GlobalSection(ProjectConfigurationPlatforms) = postSolution
		{303596B4-3FB0-4BB1-8385-7B3C22A3A235}.Debug|Any CPU.ActiveCfg = Debug|Any CPU
		{303596B4-3FB0-4BB1-8385-7B3C22A3A235}.Debug|Any CPU.Build.0 = Debug|Any CPU
		{303596B4-3FB0-4BB1-8385-7B3C22A3A235}.Release|Any CPU.ActiveCfg = Release|Any CPU
		{303596B4-3FB0-4BB1-8385-7B3C22A3A235}.Release|Any CPU.Build.0 = Release|Any CPU
	EndGlobalSection
	GlobalSection(SolutionProperties) = preSolution
		HideSolutionNode = FALSE
	EndGlobalSection
	GlobalSection(ExtensibilityGlobals) = postSolution
		SolutionGuid = {B984325B-0305-4D9B-8F2F-C8A7D8B58E24}
	EndGlobalSection
EndGlobal
